
Microsoft Visual Studio Solution File, Format Version 12.00
# Visual Studio Version 16
VisualStudioVersion = 16.0.30320.27
MinimumVisualStudioVersion = 10.0.40219.1
Project("{FAE04EC0-301F-11D3-BF4B-00C04F79EFBC}") = "Demo.OrganizationalStructure.Server", "Demo.OrganizationalStructure.Server\Demo.OrganizationalStructure.Server.csproj", "{631FF5DA-F97D-4658-BCF1-BC07165DEC63}"
EndProject
Project("{FAE04EC0-301F-11D3-BF4B-00C04F79EFBC}") = "Demo.OrganizationalStructure.Client.WPF", "Demo.OrganizationalStructure.Client.WPF\Demo.OrganizationalStructure.Client.WPF.csproj", "{22527038-F1FA-402E-BB6D-C2635DEC29B3}"
EndProject
Project("{FAE04EC0-301F-11D3-BF4B-00C04F79EFBC}") = "Demo.OrganizationalStructure.Common", "Demo.OrganizationalStructure.Common\Demo.OrganizationalStructure.Common.csproj", "{2AA41170-70A1-4E37-98B0-53FCC597CE38}"
EndProject
Global
	GlobalSection(SolutionConfigurationPlatforms) = preSolution
		Debug|Any CPU = Debug|Any CPU
		Release|Any CPU = Release|Any CPU
	EndGlobalSection
	GlobalSection(ProjectConfigurationPlatforms) = postSolution
		{631FF5DA-F97D-4658-BCF1-BC07165DEC63}.Debug|Any CPU.ActiveCfg = Debug|Any CPU
		{631FF5DA-F97D-4658-BCF1-BC07165DEC63}.Debug|Any CPU.Build.0 = Debug|Any CPU
		{631FF5DA-F97D-4658-BCF1-BC07165DEC63}.Release|Any CPU.ActiveCfg = Release|Any CPU
		{631FF5DA-F97D-4658-BCF1-BC07165DEC63}.Release|Any CPU.Build.0 = Release|Any CPU
		{22527038-F1FA-402E-BB6D-C2635DEC29B3}.Debug|Any CPU.ActiveCfg = Debug|Any CPU
		{22527038-F1FA-402E-BB6D-C2635DEC29B3}.Debug|Any CPU.Build.0 = Debug|Any CPU
		{22527038-F1FA-402E-BB6D-C2635DEC29B3}.Release|Any CPU.ActiveCfg = Release|Any CPU
		{22527038-F1FA-402E-BB6D-C2635DEC29B3}.Release|Any CPU.Build.0 = Release|Any CPU
		{2AA41170-70A1-4E37-98B0-53FCC597CE38}.Debug|Any CPU.ActiveCfg = Debug|Any CPU
		{2AA41170-70A1-4E37-98B0-53FCC597CE38}.Debug|Any CPU.Build.0 = Debug|Any CPU
		{2AA41170-70A1-4E37-98B0-53FCC597CE38}.Release|Any CPU.ActiveCfg = Release|Any CPU
		{2AA41170-70A1-4E37-98B0-53FCC597CE38}.Release|Any CPU.Build.0 = Release|Any CPU
	EndGlobalSection
	GlobalSection(SolutionProperties) = preSolution
		HideSolutionNode = FALSE
	EndGlobalSection
	GlobalSection(ExtensibilityGlobals) = postSolution
		SolutionGuid = {FEE9144C-D79D-4E7F-BF39-639FA430AE0B}
	EndGlobalSection
EndGlobal
